
Microsoft Visual Studio Solution File, Format Version 12.00
# Visual Studio 2012
Project("{E24C65DC-7377-472B-9ABA-BC803B73C61A}") = "Tablefinder2", "..\..\..\Tablefinder2\", "{1168073F-4634-47C3-874F-E3673FA93890}"
	ProjectSection(WebsiteProperties) = preProject
		TargetFrameworkMoniker = ".NETFramework,Version%3Dv4.0"
		Debug.AspNetCompiler.VirtualPath = "/Tablefinder2"
		Debug.AspNetCompiler.PhysicalPath = "..\..\..\Tablefinder2\"
		Debug.AspNetCompiler.TargetPath = "PrecompiledWeb\Tablefinder2\"
		Debug.AspNetCompiler.Updateable = "true"
		Debug.AspNetCompiler.ForceOverwrite = "true"
		Debug.AspNetCompiler.FixedNames = "false"
		Debug.AspNetCompiler.Debug = "True"
		Release.AspNetCompiler.VirtualPath = "/Tablefinder2"
		Release.AspNetCompiler.PhysicalPath = "..\..\..\Tablefinder2\"
		Release.AspNetCompiler.TargetPath = "PrecompiledWeb\Tablefinder2\"
		Release.AspNetCompiler.Updateable = "true"
		Release.AspNetCompiler.ForceOverwrite = "true"
		Release.AspNetCompiler.FixedNames = "false"
		Release.AspNetCompiler.Debug = "False"
		VWDPort = "3055"
	EndProjectSection
EndProject
Global
	GlobalSection(SolutionConfigurationPlatforms) = preSolution
		Debug|Any CPU = Debug|Any CPU
	EndGlobalSection
	GlobalSection(ProjectConfigurationPlatforms) = postSolution
		{1168073F-4634-47C3-874F-E3673FA93890}.Debug|Any CPU.ActiveCfg = Debug|Any CPU
		{1168073F-4634-47C3-874F-E3673FA93890}.Debug|Any CPU.Build.0 = Debug|Any CPU
	EndGlobalSection
	GlobalSection(SolutionProperties) = preSolution
		HideSolutionNode = FALSE
	EndGlobalSection
EndGlobal
